github.com/joho/godotenv v1.5.1 h1:7eLL/+HRGLY0ldzfGMeQkb7vMd0as4CfYvUVzLqw0N0=
github.com/joho/godotenv v1.5.1/go.mod h1:f4LDr5Voq0i2e/R5DDNOoa2zzDfwtkZa6DnEwAbqwq4=
github.com/rifaideen/talkative v0.1.2 h1:1vegLZq1TjC5gZjqG0T5Sg76u5mmtFMUrK6ek+9QE9g=
github.com/rifaideen/talkative v0.1.2/go.mod h1:Q6jFKZmHZ00OhNXE1h0QVUYP9Tf3O/n5y+aZIW+wu0I=
